// !$*UTF8*$!
{
	archiveVersion = 1;
	classes = {
	};
	objectVersion = 55;
	objects = {

/* Begin PBXBuildFile section */
		CA2C19EA2819BA8100715516 /* YCDesignKit.docc in Sources */ = {isa = PBXBuildFile; fileRef = CA2C19E92819BA8100715516 /* YCDesignKit.docc */; };
		CA2C19F02819BA8200715516 /* YCDesignKit.framework in Frameworks */ = {isa = PBXBuildFile; fileRef = CA2C19E52819BA8100715516 /* YCDesignKit.framework */; };
		CA2C19F52819BA8200715516 /* YCDesignKitTests.swift in Sources */ = {isa = PBXBuildFile; fileRef = CA2C19F42819BA8200715516 /* YCDesignKitTests.swift */; };
		CA2C19F62819BA8200715516 /* YCDesignKit.h in Headers */ = {isa = PBXBuildFile; fileRef = CA2C19E82819BA8100715516 /* YCDesignKit.h */; settings = {ATTRIBUTES = (Public, ); }; };
/* End PBXBuildFile section */

/* Begin PBXContainerItemProxy section */
		CA2C19F12819BA8200715516 /* PBXContainerItemProxy */ = {
			isa = PBXContainerItemProxy;
			containerPortal = CA2C19DC2819BA8100715516 /* Project object */;
			proxyType = 1;
			remoteGlobalIDString = CA2C19E42819BA8100715516;
			remoteInfo = YCDesignKit;
		};
/* End PBXContainerItemProxy section */

/* Begin PBXFileReference section */
		CA2C19E52819BA8100715516 /* YCDesignKit.framework */ = {isa = PBXFileReference; explicitFileType = wrapper.framework; includeInIndex = 0; path = YCDesignKit.framework; sourceTree = BUILT_PRODUCTS_DIR; };
		CA2C19E82819BA8100715516 /* YCDesignKit.h */ = {isa = PBXFileReference; lastKnownFileType = sourcecode.c.h; path = YCDesignKit.h; sourceTree = "<group>"; };
		CA2C19E92819BA8100715516 /* YCDesignKit.docc */ = {isa = PBXFileReference; lastKnownFileType = folder.documentationcatalog; path = YCDesignKit.docc; sourceTree = "<group>"; };
		CA2C19EF2819BA8200715516 /* YCDesignKitTests.xctest */ = {isa = PBXFileReference; explicitFileType = wrapper.cfbundle; includeInIndex = 0; path = YCDesignKitTests.xctest; sourceTree = BUILT_PRODUCTS_DIR; };
		CA2C19F42819BA8200715516 /* YCDesignKitTests.swift */ = {isa = PBXFileReference; lastKnownFileType = sourcecode.swift; path = YCDesignKitTests.swift; sourceTree = "<group>"; };
/* End PBXFileReference section */

/* Begin PBXFrameworksBuildPhase section */
		CA2C19E22819BA8100715516 /* Frameworks */ = {
			isa = PBXFrameworksBuildPhase;
			buildActionMask = 2147483647;
			files = (
			);
			runOnlyForDeploymentPostprocessing = 0;
		};
		CA2C19EC2819BA8200715516 /* Frameworks */ = {
			isa = PBXFrameworksBuildPhase;
			buildActionMask = 2147483647;
			files = (
				CA2C19F02819BA8200715516 /* YCDesignKit.framework in Frameworks */,
			);
			runOnlyForDeploymentPostprocessing = 0;
		};
/* End PBXFrameworksBuildPhase section */

/* Begin PBXGroup section */
		CA2C19DB2819BA8100715516 = {
			isa = PBXGroup;
			children = (
				CA2C19E72819BA8100715516 /* YCDesignKit */,
				CA2C19F32819BA8200715516 /* YCDesignKitTests */,
				CA2C19E62819BA8100715516 /* Products */,
			);
			sourceTree = "<group>";
		};
		CA2C19E62819BA8100715516 /* Products */ = {
			isa = PBXGroup;
			children = (
				CA2C19E52819BA8100715516 /* YCDesignKit.framework */,
				CA2C19EF2819BA8200715516 /* YCDesignKitTests.xctest */,
			);
			name = Products;
			sourceTree = "<group>";
		};
		CA2C19E72819BA8100715516 /* YCDesignKit */ = {
			isa = PBXGroup;
			children = (
				CA2C19E82819BA8100715516 /* YCDesignKit.h */,
				CA2C19E92819BA8100715516 /* YCDesignKit.docc */,
			);
			path = YCDesignKit;
			sourceTree = "<group>";
		};
		CA2C19F32819BA8200715516 /* YCDesignKitTests */ = {
			isa = PBXGroup;
			children = (
				CA2C19F42819BA8200715516 /* YCDesignKitTests.swift */,
			);
			path = YCDesignKitTests;
			sourceTree = "<group>";
		};
/* End PBXGroup section */

/* Begin PBXHeadersBuildPhase section */
		CA2C19E02819BA8100715516 /* Headers */ = {
			isa = PBXHeadersBuildPhase;
			buildActionMask = 2147483647;
			files = (
				CA2C19F62819BA8200715516 /* YCDesignKit.h in Headers */,
			);
			runOnlyForDeploymentPostprocessing = 0;
		};
/* End PBXHeadersBuildPhase section */

/* Begin PBXNativeTarget section */
		CA2C19E42819BA8100715516 /* YCDesignKit */ = {
			isa = PBXNativeTarget;
			buildConfigurationList = CA2C19F92819BA8200715516 /* Build configuration list for PBXNativeTarget "YCDesignKit" */;
			buildPhases = (
				CA2C19E02819BA8100715516 /* Headers */,
				CA2C19E12819BA8100715516 /* Sources */,
				CA2C19E22819BA8100715516 /* Frameworks */,
				CA2C19E32819BA8100715516 /* Resources */,
			);
			buildRules = (
			);
			dependencies = (
			);
			name = YCDesignKit;
			productName = YCDesignKit;
			productReference = CA2C19E52819BA8100715516 /* YCDesignKit.framework */;
			productType = "com.apple.product-type.framework";
		};
		CA2C19EE2819BA8200715516 /* YCDesignKitTests */ = {
			isa = PBXNativeTarget;
			buildConfigurationList = CA2C19FC2819BA8200715516 /* Build configuration list for PBXNativeTarget "YCDesignKitTests" */;
			buildPhases = (
				CA2C19EB2819BA8200715516 /* Sources */,
				CA2C19EC2819BA8200715516 /* Frameworks */,
				CA2C19ED2819BA8200715516 /* Resources */,
			);
			buildRules = (
			);
			dependencies = (
				CA2C19F22819BA8200715516 /* PBXTargetDependency */,
			);
			name = YCDesignKitTests;
			productName = YCDesignKitTests;
			productReference = CA2C19EF2819BA8200715516 /* YCDesignKitTests.xctest */;
			productType = "com.apple.product-type.bundle.unit-test";
		};
/* End PBXNativeTarget section */

/* Begin PBXProject section */
		CA2C19DC2819BA8100715516 /* Project object */ = {
			isa = PBXProject;
			attributes = {
				BuildIndependentTargetsInParallel = 1;
				LastSwiftUpdateCheck = 1320;
				LastUpgradeCheck = 1320;
				TargetAttributes = {
					CA2C19E42819BA8100715516 = {
						CreatedOnToolsVersion = 13.2.1;
					};
					CA2C19EE2819BA8200715516 = {
						CreatedOnToolsVersion = 13.2.1;
					};
				};
			};
			buildConfigurationList = CA2C19DF2819BA8100715516 /* Build configuration list for PBXProject "YCDesignKit" */;
			compatibilityVersion = "Xcode 13.0";
			developmentRegion = en;
			hasScannedForEncodings = 0;
			knownRegions = (
				en,
				Base,
			);
			mainGroup = CA2C19DB2819BA8100715516;
			productRefGroup = CA2C19E62819BA8100715516 /* Products */;
			projectDirPath = "";
			projectRoot = "";
			targets = (
				CA2C19E42819BA8100715516 /* YCDesignKit */,
				CA2C19EE2819BA8200715516 /* YCDesignKitTests */,
			);
		};
/* End PBXProject section */

/* Begin PBXResourcesBuildPhase section */
		CA2C19E32819BA8100715516 /* Resources */ = {
			isa = PBXResourcesBuildPhase;
			buildActionMask = 2147483647;
			files = (
			);
			runOnlyForDeploymentPostprocessing = 0;
		};
		CA2C19ED2819BA8200715516 /* Resources */ = {
			isa = PBXResourcesBuildPhase;
			buildActionMask = 2147483647;
			files = (
			);
			runOnlyForDeploymentPostprocessing = 0;
		};
/* End PBXResourcesBuildPhase section */

/* Begin PBXSourcesBuildPhase section */
		CA2C19E12819BA8100715516 /* Sources */ = {
			isa = PBXSourcesBuildPhase;
			buildActionMask = 2147483647;
			files = (
				CA2C19EA2819BA8100715516 /* YCDesignKit.docc in Sources */,
			);
			runOnlyForDeploymentPostprocessing = 0;
		};
		CA2C19EB2819BA8200715516 /* Sources */ = {
			isa = PBXSourcesBuildPhase;
			buildActionMask = 2147483647;
			files = (
				CA2C19F52819BA8200715516 /* YCDesignKitTests.swift in Sources */,
			);
			runOnlyForDeploymentPostprocessing = 0;
		};
/* End PBXSourcesBuildPhase section */

/* Begin PBXTargetDependency section */
		CA2C19F22819BA8200715516 /* PBXTargetDependency */ = {
			isa = PBXTargetDependency;
			target = CA2C19E42819BA8100715516 /* YCDesignKit */;
			targetProxy = CA2C19F12819BA8200715516 /* PBXContainerItemProxy */;
		};
/* End PBXTargetDependency section */

/* Begin XCBuildConfiguration section */
		CA2C19F72819BA8200715516 /* Debug */ = {
			isa = XCBuildConfiguration;
			buildSettings = {
				ALWAYS_SEARCH_USER_PATHS = NO;
				CLANG_ANALYZER_NONNULL = YES;
				CLANG_ANALYZER_NUMBER_OBJECT_CONVERSION = YES_AGGRESSIVE;
				CLANG_CXX_LANGUAGE_STANDARD = "gnu++17";
				CLANG_CXX_LIBRARY = "libc++";
				CLANG_ENABLE_MODULES = YES;
				CLANG_ENABLE_OBJC_ARC = YES;
				CLANG_ENABLE_OBJC_WEAK = YES;
				CLANG_WARN_BLOCK_CAPTURE_AUTORELEASING = YES;
				CLANG_WARN_BOOL_CONVERSION = YES;
				CLANG_WARN_COMMA = YES;
				CLANG_WARN_CONSTANT_CONVERSION = YES;
				CLANG_WARN_DEPRECATED_OBJC_IMPLEMENTATIONS = YES;
				CLANG_WARN_DIRECT_OBJC_ISA_USAGE = YES_ERROR;
				CLANG_WARN_DOCUMENTATION_COMMENTS = YES;
				CLANG_WARN_EMPTY_BODY = YES;
				CLANG_WARN_ENUM_CONVERSION = YES;
				CLANG_WARN_INFINITE_RECURSION = YES;
				CLANG_WARN_INT_CONVERSION = YES;
				CLANG_WARN_NON_LITERAL_NULL_CONVERSION = YES;
				CLANG_WARN_OBJC_IMPLICIT_RETAIN_SELF = YES;
				CLANG_WARN_OBJC_LITERAL_CONVERSION = YES;
				CLANG_WARN_OBJC_ROOT_CLASS = YES_ERROR;
				CLANG_WARN_QUOTED_INCLUDE_IN_FRAMEWORK_HEADER = YES;
				CLANG_WARN_RANGE_LOOP_ANALYSIS = YES;
				CLANG_WARN_STRICT_PROTOTYPES = YES;
				CLANG_WARN_SUSPICIOUS_MOVE = YES;
				CLANG_WARN_UNGUARDED_AVAILABILITY = YES_AGGRESSIVE;
				CLANG_WARN_UNREACHABLE_CODE = YES;
				CLANG_WARN__DUPLICATE_METHOD_MATCH = YES;
				COPY_PHASE_STRIP = NO;
				CURRENT_PROJECT_VERSION = 1;
				DEBUG_INFORMATION_FORMAT = dwarf;
				ENABLE_STRICT_OBJC_MSGSEND = YES;
				ENABLE_TESTABILITY = YES;
				GCC_C_LANGUAGE_STANDARD = gnu11;
				GCC_DYNAMIC_NO_PIC = NO;
				GCC_NO_COMMON_BLOCKS = YES;
				GCC_OPTIMIZATION_LEVEL = 0;
				GCC_PREPROCESSOR_DEFINITIONS = (
					"DEBUG=1",
					"$(inherited)",
				);
				GCC_WARN_64_TO_32_BIT_CONVERSION = YES;
				GCC_WARN_ABOUT_RETURN_TYPE = YES_ERROR;
				GCC_WARN_UNDECLARED_SELECTOR = YES;
				GCC_WARN_UNINITIALIZED_AUTOS = YES_AGGRESSIVE;
				GCC_WARN_UNUSED_FUNCTION = YES;
				GCC_WARN_UNUSED_VARIABLE = YES;
				IPHONEOS_DEPLOYMENT_TARGET = 15.2;
				MTL_ENABLE_DEBUG_INFO = INCLUDE_SOURCE;
				MTL_FAST_MATH = YES;
				ONLY_ACTIVE_ARCH = YES;
				SDKROOT = iphoneos;
				SWIFT_ACTIVE_COMPILATION_CONDITIONS = DEBUG;
				SWIFT_OPTIMIZATION_LEVEL = "-Onone";
				VERSIONING_SYSTEM = "apple-generic";
				VERSION_INFO_PREFIX = "";
			};
			name = Debug;
		};
		CA2C19F82819BA8200715516 /* Release */ = {
			isa = XCBuildConfiguration;
			buildSettings = {
				ALWAYS_SEARCH_USER_PATHS = NO;
				CLANG_ANALYZER_NONNULL = YES;
				CLANG_ANALYZER_NUMBER_OBJECT_CONVERSION = YES_AGGRESSIVE;
				CLANG_CXX_LANGUAGE_STANDARD = "gnu++17";
				CLANG_CXX_LIBRARY = "libc++";
				CLANG_ENABLE_MODULES = YES;
				CLANG_ENABLE_OBJC_ARC = YES;
				CLANG_ENABLE_OBJC_WEAK = YES;
				CLANG_WARN_BLOCK_CAPTURE_AUTORELEASING = YES;
				CLANG_WARN_BOOL_CONVERSION = YES;
				CLANG_WARN_COMMA = YES;
				CLANG_WARN_CONSTANT_CONVERSION = YES;
				CLANG_WARN_DEPRECATED_OBJC_IMPLEMENTATIONS = YES;
				CLANG_WARN_DIRECT_OBJC_ISA_USAGE = YES_ERROR;
				CLANG_WARN_DOCUMENTATION_COMMENTS = YES;
				CLANG_WARN_EMPTY_BODY = YES;
				CLANG_WARN_ENUM_CONVERSION = YES;
				CLANG_WARN_INFINITE_RECURSION = YES;
				CLANG_WARN_INT_CONVERSION = YES;
				CLANG_WARN_NON_LITERAL_NULL_CONVERSION = YES;
				CLANG_WARN_OBJC_IMPLICIT_RETAIN_SELF = YES;
				CLANG_WARN_OBJC_LITERAL_CONVERSION = YES;
				CLANG_WARN_OBJC_ROOT_CLASS = YES_ERROR;
				CLANG_WARN_QUOTED_INCLUDE_IN_FRAMEWORK_HEADER = YES;
				CLANG_WARN_RANGE_LOOP_ANALYSIS = YES;
				CLANG_WARN_STRICT_PROTOTYPES = YES;
				CLANG_WARN_SUSPICIOUS_MOVE = YES;
				CLANG_WARN_UNGUARDED_AVAILABILITY = YES_AGGRESSIVE;
				CLANG_WARN_UNREACHABLE_CODE = YES;
				CLANG_WARN__DUPLICATE_METHOD_MATCH = YES;
				COPY_PHASE_STRIP = NO;
				CURRENT_PROJECT_VERSION = 1;
				DEBUG_INFORMATION_FORMAT = "dwarf-with-dsym";
				ENABLE_NS_ASSERTIONS = NO;
				ENABLE_STRICT_OBJC_MSGSEND = YES;
				GCC_C_LANGUAGE_STANDARD = gnu11;
				GCC_NO_COMMON_BLOCKS = YES;
				GCC_WARN_64_TO_32_BIT_CONVERSION = YES;
				GCC_WARN_ABOUT_RETURN_TYPE = YES_ERROR;
				GCC_WARN_UNDECLARED_SELECTOR = YES;
				GCC_WARN_UNINITIALIZED_AUTOS = YES_AGGRESSIVE;
				GCC_WARN_UNUSED_FUNCTION = YES;
				GCC_WARN_UNUSED_VARIABLE = YES;
				IPHONEOS_DEPLOYMENT_TARGET = 15.2;
				MTL_ENABLE_DEBUG_INFO = NO;
				MTL_FAST_MATH = YES;
				SDKROOT = iphoneos;
				SWIFT_COMPILATION_MODE = wholemodule;
				SWIFT_OPTIMIZATION_LEVEL = "-O";
				VALIDATE_PRODUCT = YES;
				VERSIONING_SYSTEM = "apple-generic";
				VERSION_INFO_PREFIX = "";
			};
			name = Release;
		};
		CA2C19FA2819BA8200715516 /* Debug */ = {
			isa = XCBuildConfiguration;
			buildSettings = {
				CODE_SIGN_STYLE = Automatic;
				CURRENT_PROJECT_VERSION = 1;
				DEFINES_MODULE = YES;
				DEVELOPMENT_TEAM = MB47247PPD;
				DYLIB_COMPATIBILITY_VERSION = 1;
				DYLIB_CURRENT_VERSION = 1;
				DYLIB_INSTALL_NAME_BASE = "@rpath";
				GENERATE_INFOPLIST_FILE = YES;
				INFOPLIST_KEY_NSHumanReadableCopyright = "";
				INSTALL_PATH = "$(LOCAL_LIBRARY_DIR)/Frameworks";
				LD_RUNPATH_SEARCH_PATHS = (
					"$(inherited)",
					"@executable_path/Frameworks",
					"@loader_path/Frameworks",
				);
				MARKETING_VERSION = 1.0;
				PRODUCT_BUNDLE_IDENTIFIER = mayank.YCDesignKit;
				PRODUCT_NAME = "$(TARGET_NAME:c99extidentifier)";
				SKIP_INSTALL = YES;
				SWIFT_EMIT_LOC_STRINGS = YES;
				SWIFT_VERSION = 5.0;
				TARGETED_DEVICE_FAMILY = "1,2";
			};
			name = Debug;
		};
		CA2C19FB2819BA8200715516 /* Release */ = {
			isa = XCBuildConfiguration;
			buildSettings = {
				CODE_SIGN_STYLE = Automatic;
				CURRENT_PROJECT_VERSION = 1;
				DEFINES_MODULE = YES;
				DEVELOPMENT_TEAM = MB47247PPD;
				DYLIB_COMPATIBILITY_VERSION = 1;
				DYLIB_CURRENT_VERSION = 1;
				DYLIB_INSTALL_NAME_BASE = "@rpath";
				GENERATE_INFOPLIST_FILE = YES;
				INFOPLIST_KEY_NSHumanReadableCopyright = "";
				INSTALL_PATH = "$(LOCAL_LIBRARY_DIR)/Frameworks";
				LD_RUNPATH_SEARCH_PATHS = (
					"$(inherited)",
					"@executable_path/Frameworks",
					"@loader_path/Frameworks",
				);
				MARKETING_VERSION = 1.0;
				PRODUCT_BUNDLE_IDENTIFIER = mayank.YCDesignKit;
				PRODUCT_NAME = "$(TARGET_NAME:c99extidentifier)";
				SKIP_INSTALL = YES;
				SWIFT_EMIT_LOC_STRINGS = YES;
				SWIFT_VERSION = 5.0;
				TARGETED_DEVICE_FAMILY = "1,2";
			};
			name = Release;
		};
		CA2C19FD2819BA8200715516 /* Debug */ = {
			isa = XCBuildConfiguration;
			buildSettings = {
				CODE_SIGN_STYLE = Automatic;
				CURRENT_PROJECT_VERSION = 1;
				DEVELOPMENT_TEAM = MB47247PPD;
				GENERATE_INFOPLIST_FILE = YES;
				MARKETING_VERSION = 1.0;
				PRODUCT_BUNDLE_IDENTIFIER = mayank.YCDesignKitTests;
				PRODUCT_NAME = "$(TARGET_NAME)";
				SWIFT_EMIT_LOC_STRINGS = NO;
				SWIFT_VERSION = 5.0;
				TARGETED_DEVICE_FAMILY = "1,2";
			};
			name = Debug;
		};
		CA2C19FE2819BA8200715516 /* Release */ = {
			isa = XCBuildConfiguration;
			buildSettings = {
				CODE_SIGN_STYLE = Automatic;
				CURRENT_PROJECT_VERSION = 1;
				DEVELOPMENT_TEAM = MB47247PPD;
				GENERATE_INFOPLIST_FILE = YES;
				MARKETING_VERSION = 1.0;
				PRODUCT_BUNDLE_IDENTIFIER = mayank.YCDesignKitTests;
				PRODUCT_NAME = "$(TARGET_NAME)";
				SWIFT_EMIT_LOC_STRINGS = NO;
				SWIFT_VERSION = 5.0;
				TARGETED_DEVICE_FAMILY = "1,2";
			};
			name = Release;
		};
/* End XCBuildConfiguration section */

/* Begin XCConfigurationList section */
		CA2C19DF2819BA8100715516 /* Build configuration list for PBXProject "YCDesignKit" */ = {
			isa = XCConfigurationList;
			buildConfigurations = (
				CA2C19F72819BA8200715516 /* Debug */,
				CA2C19F82819BA8200715516 /* Release */,
			);
			defaultConfigurationIsVisible = 0;
			defaultConfigurationName = Release;
		};
		CA2C19F92819BA8200715516 /* Build configuration list for PBXNativeTarget "YCDesignKit" */ = {
			isa = XCConfigurationList;
			buildConfigurations = (
				CA2C19FA2819BA8200715516 /* Debug */,
				CA2C19FB2819BA8200715516 /* Release */,
			);
			defaultConfigurationIsVisible = 0;
			defaultConfigurationName = Release;
		};
		CA2C19FC2819BA8200715516 /* Build configuration list for PBXNativeTarget "YCDesignKitTests" */ = {
			isa = XCConfigurationList;
			buildConfigurations = (
				CA2C19FD2819BA8200715516 /* Debug */,
				CA2C19FE2819BA8200715516 /* Release */,
			);
			defaultConfigurationIsVisible = 0;
			defaultConfigurationName = Release;
		};
/* End XCConfigurationList section */
	};
	rootObject = CA2C19DC2819BA8100715516 /* Project object */;
}
